
Microsoft Visual Studio Solution File, Format Version 12.00
# Visual Studio Version 16
VisualStudioVersion = 16.0.31005.135
MinimumVisualStudioVersion = 10.0.40219.1
Project("{FAE04EC0-301F-11D3-BF4B-00C04F79EFBC}") = "LINQsqlSproc", "LINQsqlSproc.csproj", "{D11DFD0B-55D1-4735-96A8-B443F398CA44}"
EndProject
Global
	GlobalSection(SolutionConfigurationPlatforms) = preSolution
		Debug|Any CPU = Debug|Any CPU
		Release|Any CPU = Release|Any CPU
	EndGlobalSection
	GlobalSection(ProjectConfigurationPlatforms) = postSolution
		{D11DFD0B-55D1-4735-96A8-B443F398CA44}.Debug|Any CPU.ActiveCfg = Debug|Any CPU
		{D11DFD0B-55D1-4735-96A8-B443F398CA44}.Debug|Any CPU.Build.0 = Debug|Any CPU
		{D11DFD0B-55D1-4735-96A8-B443F398CA44}.Release|Any CPU.ActiveCfg = Release|Any CPU
		{D11DFD0B-55D1-4735-96A8-B443F398CA44}.Release|Any CPU.Build.0 = Release|Any CPU
	EndGlobalSection
	GlobalSection(SolutionProperties) = preSolution
		HideSolutionNode = FALSE
	EndGlobalSection
	GlobalSection(ExtensibilityGlobals) = postSolution
		SolutionGuid = {2C372DB7-291C-4BA5-9BF8-780A4887003F}
	EndGlobalSection
EndGlobal
